// !$*UTF8*$!
{
	archiveVersion = 1;
	classes = {
	};
	objectVersion = 55;
	objects = {

/* Begin PBXBuildFile section */
		CCFA5440282E7D09001DFFDD /* AppDelegate.swift in Sources */ = {isa = PBXBuildFile; fileRef = CCFA543F282E7D09001DFFDD /* AppDelegate.swift */; };
		CCFA5442282E7D09001DFFDD /* SceneDelegate.swift in Sources */ = {isa = PBXBuildFile; fileRef = CCFA5441282E7D09001DFFDD /* SceneDelegate.swift */; };
		CCFA5444282E7D09001DFFDD /* ViewController.swift in Sources */ = {isa = PBXBuildFile; fileRef = CCFA5443282E7D09001DFFDD /* ViewController.swift */; };
		CCFA5447282E7D09001DFFDD /* Main.storyboard in Resources */ = {isa = PBXBuildFile; fileRef = CCFA5445282E7D09001DFFDD /* Main.storyboard */; };
		CCFA5449282E7D0A001DFFDD /* Assets.xcassets in Resources */ = {isa = PBXBuildFile; fileRef = CCFA5448282E7D0A001DFFDD /* Assets.xcassets */; };
		CCFA544C282E7D0A001DFFDD /* LaunchScreen.storyboard in Resources */ = {isa = PBXBuildFile; fileRef = CCFA544A282E7D0A001DFFDD /* LaunchScreen.storyboard */; };
		CCFA5454282E80AA001DFFDD /* ScrollView.swift in Sources */ = {isa = PBXBuildFile; fileRef = CCFA5453282E80AA001DFFDD /* ScrollView.swift */; };
		CCFA5456282E8794001DFFDD /* viewExtenison.swift in Sources */ = {isa = PBXBuildFile; fileRef = CCFA5455282E8794001DFFDD /* viewExtenison.swift */; };
		CCFA5458282E88CC001DFFDD /* toastMessage.swift in Sources */ = {isa = PBXBuildFile; fileRef = CCFA5457282E88CC001DFFDD /* toastMessage.swift */; };
/* End PBXBuildFile section */

/* Begin PBXFileReference section */
		CCFA543C282E7D09001DFFDD /* ScrollViewExample.app */ = {isa = PBXFileReference; explicitFileType = wrapper.application; includeInIndex = 0; path = ScrollViewExample.app; sourceTree = BUILT_PRODUCTS_DIR; };
		CCFA543F282E7D09001DFFDD /* AppDelegate.swift */ = {isa = PBXFileReference; lastKnownFileType = sourcecode.swift; path = AppDelegate.swift; sourceTree = "<group>"; };
		CCFA5441282E7D09001DFFDD /* SceneDelegate.swift */ = {isa = PBXFileReference; lastKnownFileType = sourcecode.swift; path = SceneDelegate.swift; sourceTree = "<group>"; };
		CCFA5443282E7D09001DFFDD /* ViewController.swift */ = {isa = PBXFileReference; lastKnownFileType = sourcecode.swift; path = ViewController.swift; sourceTree = "<group>"; };
		CCFA5446282E7D09001DFFDD /* Base */ = {isa = PBXFileReference; lastKnownFileType = file.storyboard; name = Base; path = Base.lproj/Main.storyboard; sourceTree = "<group>"; };
		CCFA5448282E7D0A001DFFDD /* Assets.xcassets */ = {isa = PBXFileReference; lastKnownFileType = folder.assetcatalog; path = Assets.xcassets; sourceTree = "<group>"; };
		CCFA544B282E7D0A001DFFDD /* Base */ = {isa = PBXFileReference; lastKnownFileType = file.storyboard; name = Base; path = Base.lproj/LaunchScreen.storyboard; sourceTree = "<group>"; };
		CCFA544D282E7D0A001DFFDD /* Info.plist */ = {isa = PBXFileReference; lastKnownFileType = text.plist.xml; path = Info.plist; sourceTree = "<group>"; };
		CCFA5453282E80AA001DFFDD /* ScrollView.swift */ = {isa = PBXFileReference; lastKnownFileType = sourcecode.swift; path = ScrollView.swift; sourceTree = "<group>"; };
		CCFA5455282E8794001DFFDD /* viewExtenison.swift */ = {isa = PBXFileReference; lastKnownFileType = sourcecode.swift; path = viewExtenison.swift; sourceTree = "<group>"; };
		CCFA5457282E88CC001DFFDD /* toastMessage.swift */ = {isa = PBXFileReference; lastKnownFileType = sourcecode.swift; path = toastMessage.swift; sourceTree = "<group>"; };
/* End PBXFileReference section */

/* Begin PBXFrameworksBuildPhase section */
		CCFA5439282E7D09001DFFDD /* Frameworks */ = {
			isa = PBXFrameworksBuildPhase;
			buildActionMask = 2147483647;
			files = (
			);
			runOnlyForDeploymentPostprocessing = 0;
		};
/* End PBXFrameworksBuildPhase section */

/* Begin PBXGroup section */
		CCFA5433282E7D09001DFFDD = {
			isa = PBXGroup;
			children = (
				CCFA543E282E7D09001DFFDD /* ScrollViewExample */,
				CCFA543D282E7D09001DFFDD /* Products */,
			);
			sourceTree = "<group>";
		};
		CCFA543D282E7D09001DFFDD /* Products */ = {
			isa = PBXGroup;
			children = (
				CCFA543C282E7D09001DFFDD /* ScrollViewExample.app */,
			);
			name = Products;
			sourceTree = "<group>";
		};
		CCFA543E282E7D09001DFFDD /* ScrollViewExample */ = {
			isa = PBXGroup;
			children = (
				CCFA543F282E7D09001DFFDD /* AppDelegate.swift */,
				CCFA5441282E7D09001DFFDD /* SceneDelegate.swift */,
				CCFA5443282E7D09001DFFDD /* ViewController.swift */,
				CCFA5445282E7D09001DFFDD /* Main.storyboard */,
				CCFA5448282E7D0A001DFFDD /* Assets.xcassets */,
				CCFA544A282E7D0A001DFFDD /* LaunchScreen.storyboard */,
				CCFA544D282E7D0A001DFFDD /* Info.plist */,
				CCFA5453282E80AA001DFFDD /* ScrollView.swift */,
				CCFA5455282E8794001DFFDD /* viewExtenison.swift */,
				CCFA5457282E88CC001DFFDD /* toastMessage.swift */,
			);
			path = ScrollViewExample;
			sourceTree = "<group>";
		};
/* End PBXGroup section */

/* Begin PBXNativeTarget section */
		CCFA543B282E7D09001DFFDD /* ScrollViewExample */ = {
			isa = PBXNativeTarget;
			buildConfigurationList = CCFA5450282E7D0A001DFFDD /* Build configuration list for PBXNativeTarget "ScrollViewExample" */;
			buildPhases = (
				CCFA5438282E7D09001DFFDD /* Sources */,
				CCFA5439282E7D09001DFFDD /* Frameworks */,
				CCFA543A282E7D09001DFFDD /* Resources */,
			);
			buildRules = (
			);
			dependencies = (
			);
			name = ScrollViewExample;
			productName = ScrollViewExample;
			productReference = CCFA543C282E7D09001DFFDD /* ScrollViewExample.app */;
			productType = "com.apple.product-type.application";
		};
/* End PBXNativeTarget section */

/* Begin PBXProject section */
		CCFA5434282E7D09001DFFDD /* Project object */ = {
			isa = PBXProject;
			attributes = {
				BuildIndependentTargetsInParallel = 1;
				LastSwiftUpdateCheck = 1300;
				LastUpgradeCheck = 1300;
				TargetAttributes = {
					CCFA543B282E7D09001DFFDD = {
						CreatedOnToolsVersion = 13.0;
					};
				};
			};
			buildConfigurationList = CCFA5437282E7D09001DFFDD /* Build configuration list for PBXProject "ScrollViewExample" */;
			compatibilityVersion = "Xcode 13.0";
			developmentRegion = en;
			hasScannedForEncodings = 0;
			knownRegions = (
				en,
				Base,
			);
			mainGroup = CCFA5433282E7D09001DFFDD;
			productRefGroup = CCFA543D282E7D09001DFFDD /* Products */;
			projectDirPath = "";
			projectRoot = "";
			targets = (
				CCFA543B282E7D09001DFFDD /* ScrollViewExample */,
			);
		};
/* End PBXProject section */

/* Begin PBXResourcesBuildPhase section */
		CCFA543A282E7D09001DFFDD /* Resources */ = {
			isa = PBXResourcesBuildPhase;
			buildActionMask = 2147483647;
			files = (
				CCFA544C282E7D0A001DFFDD /* LaunchScreen.storyboard in Resources */,
				CCFA5449282E7D0A001DFFDD /* Assets.xcassets in Resources */,
				CCFA5447282E7D09001DFFDD /* Main.storyboard in Resources */,
			);
			runOnlyForDeploymentPostprocessing = 0;
		};
/* End PBXResourcesBuildPhase section */

/* Begin PBXSourcesBuildPhase section */
		CCFA5438282E7D09001DFFDD /* Sources */ = {
			isa = PBXSourcesBuildPhase;
			buildActionMask = 2147483647;
			files = (
				CCFA5444282E7D09001DFFDD /* ViewController.swift in Sources */,
				CCFA5454282E80AA001DFFDD /* ScrollView.swift in Sources */,
				CCFA5456282E8794001DFFDD /* viewExtenison.swift in Sources */,
				CCFA5440282E7D09001DFFDD /* AppDelegate.swift in Sources */,
				CCFA5442282E7D09001DFFDD /* SceneDelegate.swift in Sources */,
				CCFA5458282E88CC001DFFDD /* toastMessage.swift in Sources */,
			);
			runOnlyForDeploymentPostprocessing = 0;
		};
/* End PBXSourcesBuildPhase section */

/* Begin PBXVariantGroup section */
		CCFA5445282E7D09001DFFDD /* Main.storyboard */ = {
			isa = PBXVariantGroup;
			children = (
				CCFA5446282E7D09001DFFDD /* Base */,
			);
			name = Main.storyboard;
			sourceTree = "<group>";
		};
		CCFA544A282E7D0A001DFFDD /* LaunchScreen.storyboard */ = {
			isa = PBXVariantGroup;
			children = (
				CCFA544B282E7D0A001DFFDD /* Base */,
			);
			name = LaunchScreen.storyboard;
			sourceTree = "<group>";
		};
/* End PBXVariantGroup section */

/* Begin XCBuildConfiguration section */
		CCFA544E282E7D0A001DFFDD /* Debug */ = {
			isa = XCBuildConfiguration;
			buildSettings = {
				ALWAYS_SEARCH_USER_PATHS = NO;
				CLANG_ANALYZER_NONNULL = YES;
				CLANG_ANALYZER_NUMBER_OBJECT_CONVERSION = YES_AGGRESSIVE;
				CLANG_CXX_LANGUAGE_STANDARD = "gnu++17";
				CLANG_CXX_LIBRARY = "libc++";
				CLANG_ENABLE_MODULES = YES;
				CLANG_ENABLE_OBJC_ARC = YES;
				CLANG_ENABLE_OBJC_WEAK = YES;
				CLANG_WARN_BLOCK_CAPTURE_AUTORELEASING = YES;
				CLANG_WARN_BOOL_CONVERSION = YES;
				CLANG_WARN_COMMA = YES;
				CLANG_WARN_CONSTANT_CONVERSION = YES;
				CLANG_WARN_DEPRECATED_OBJC_IMPLEMENTATIONS = YES;
				CLANG_WARN_DIRECT_OBJC_ISA_USAGE = YES_ERROR;
				CLANG_WARN_DOCUMENTATION_COMMENTS = YES;
				CLANG_WARN_EMPTY_BODY = YES;
				CLANG_WARN_ENUM_CONVERSION = YES;
				CLANG_WARN_INFINITE_RECURSION = YES;
				CLANG_WARN_INT_CONVERSION = YES;
				CLANG_WARN_NON_LITERAL_NULL_CONVERSION = YES;
				CLANG_WARN_OBJC_IMPLICIT_RETAIN_SELF = YES;
				CLANG_WARN_OBJC_LITERAL_CONVERSION = YES;
				CLANG_WARN_OBJC_ROOT_CLASS = YES_ERROR;
				CLANG_WARN_QUOTED_INCLUDE_IN_FRAMEWORK_HEADER = YES;
				CLANG_WARN_RANGE_LOOP_ANALYSIS = YES;
				CLANG_WARN_STRICT_PROTOTYPES = YES;
				CLANG_WARN_SUSPICIOUS_MOVE = YES;
				CLANG_WARN_UNGUARDED_AVAILABILITY = YES_AGGRESSIVE;
				CLANG_WARN_UNREACHABLE_CODE = YES;
				CLANG_WARN__DUPLICATE_METHOD_MATCH = YES;
				COPY_PHASE_STRIP = NO;
				DEBUG_INFORMATION_FORMAT = dwarf;
				ENABLE_STRICT_OBJC_MSGSEND = YES;
				ENABLE_TESTABILITY = YES;
				GCC_C_LANGUAGE_STANDARD = gnu11;
				GCC_DYNAMIC_NO_PIC = NO;
				GCC_NO_COMMON_BLOCKS = YES;
				GCC_OPTIMIZATION_LEVEL = 0;
				GCC_PREPROCESSOR_DEFINITIONS = (
					"DEBUG=1",
					"$(inherited)",
				);
				GCC_WARN_64_TO_32_BIT_CONVERSION = YES;
				GCC_WARN_ABOUT_RETURN_TYPE = YES_ERROR;
				GCC_WARN_UNDECLARED_SELECTOR = YES;
				GCC_WARN_UNINITIALIZED_AUTOS = YES_AGGRESSIVE;
				GCC_WARN_UNUSED_FUNCTION = YES;
				GCC_WARN_UNUSED_VARIABLE = YES;
				IPHONEOS_DEPLOYMENT_TARGET = 15.0;
				MTL_ENABLE_DEBUG_INFO = INCLUDE_SOURCE;
				MTL_FAST_MATH = YES;
				ONLY_ACTIVE_ARCH = YES;
				SDKROOT = iphoneos;
				SWIFT_ACTIVE_COMPILATION_CONDITIONS = DEBUG;
				SWIFT_OPTIMIZATION_LEVEL = "-Onone";
			};
			name = Debug;
		};
		CCFA544F282E7D0A001DFFDD /* Release */ = {
			isa = XCBuildConfiguration;
			buildSettings = {
				ALWAYS_SEARCH_USER_PATHS = NO;
				CLANG_ANALYZER_NONNULL = YES;
				CLANG_ANALYZER_NUMBER_OBJECT_CONVERSION = YES_AGGRESSIVE;
				CLANG_CXX_LANGUAGE_STANDARD = "gnu++17";
				CLANG_CXX_LIBRARY = "libc++";
				CLANG_ENABLE_MODULES = YES;
				CLANG_ENABLE_OBJC_ARC = YES;
				CLANG_ENABLE_OBJC_WEAK = YES;
				CLANG_WARN_BLOCK_CAPTURE_AUTORELEASING = YES;
				CLANG_WARN_BOOL_CONVERSION = YES;
				CLANG_WARN_COMMA = YES;
				CLANG_WARN_CONSTANT_CONVERSION = YES;
				CLANG_WARN_DEPRECATED_OBJC_IMPLEMENTATIONS = YES;
				CLANG_WARN_DIRECT_OBJC_ISA_USAGE = YES_ERROR;
				CLANG_WARN_DOCUMENTATION_COMMENTS = YES;
				CLANG_WARN_EMPTY_BODY = YES;
				CLANG_WARN_ENUM_CONVERSION = YES;
				CLANG_WARN_INFINITE_RECURSION = YES;
				CLANG_WARN_INT_CONVERSION = YES;
				CLANG_WARN_NON_LITERAL_NULL_CONVERSION = YES;
				CLANG_WARN_OBJC_IMPLICIT_RETAIN_SELF = YES;
				CLANG_WARN_OBJC_LITERAL_CONVERSION = YES;
				CLANG_WARN_OBJC_ROOT_CLASS = YES_ERROR;
				CLANG_WARN_QUOTED_INCLUDE_IN_FRAMEWORK_HEADER = YES;
				CLANG_WARN_RANGE_LOOP_ANALYSIS = YES;
				CLANG_WARN_STRICT_PROTOTYPES = YES;
				CLANG_WARN_SUSPICIOUS_MOVE = YES;
				CLANG_WARN_UNGUARDED_AVAILABILITY = YES_AGGRESSIVE;
				CLANG_WARN_UNREACHABLE_CODE = YES;
				CLANG_WARN__DUPLICATE_METHOD_MATCH = YES;
				COPY_PHASE_STRIP = NO;
				DEBUG_INFORMATION_FORMAT = "dwarf-with-dsym";
				ENABLE_NS_ASSERTIONS = NO;
				ENABLE_STRICT_OBJC_MSGSEND = YES;
				GCC_C_LANGUAGE_STANDARD = gnu11;
				GCC_NO_COMMON_BLOCKS = YES;
				GCC_WARN_64_TO_32_BIT_CONVERSION = YES;
				GCC_WARN_ABOUT_RETURN_TYPE = YES_ERROR;
				GCC_WARN_UNDECLARED_SELECTOR = YES;
				GCC_WARN_UNINITIALIZED_AUTOS = YES_AGGRESSIVE;
				GCC_WARN_UNUSED_FUNCTION = YES;
				GCC_WARN_UNUSED_VARIABLE = YES;
				IPHONEOS_DEPLOYMENT_TARGET = 15.0;
				MTL_ENABLE_DEBUG_INFO = NO;
				MTL_FAST_MATH = YES;
				SDKROOT = iphoneos;
				SWIFT_COMPILATION_MODE = wholemodule;
				SWIFT_OPTIMIZATION_LEVEL = "-O";
				VALIDATE_PRODUCT = YES;
			};
			name = Release;
		};
		CCFA5451282E7D0A001DFFDD /* Debug */ = {
			isa = XCBuildConfiguration;
			buildSettings = {
				ASSETCATALOG_COMPILER_APPICON_NAME = AppIcon;
				ASSETCATALOG_COMPILER_GLOBAL_ACCENT_COLOR_NAME = AccentColor;
				CODE_SIGN_STYLE = Automatic;
				CURRENT_PROJECT_VERSION = 1;
				DEVELOPMENT_TEAM = 2PYSM93YYN;
				GENERATE_INFOPLIST_FILE = YES;
				INFOPLIST_FILE = ScrollViewExample/Info.plist;
				INFOPLIST_KEY_UIApplicationSupportsIndirectInputEvents = YES;
				INFOPLIST_KEY_UILaunchStoryboardName = LaunchScreen;
				INFOPLIST_KEY_UIMainStoryboardFile = Main;
				INFOPLIST_KEY_UISupportedInterfaceOrientations_iPad = "UIInterfaceOrientationPortrait UIInterfaceOrientationPortraitUpsideDown UIInterfaceOrientationLandscapeLeft UIInterfaceOrientationLandscapeRight";
				INFOPLIST_KEY_UISupportedInterfaceOrientations_iPhone = "UIInterfaceOrientationPortrait UIInterfaceOrientationLandscapeLeft UIInterfaceOrientationLandscapeRight";
				LD_RUNPATH_SEARCH_PATHS = (
					"$(inherited)",
					"@executable_path/Frameworks",
				);
				MARKETING_VERSION = 1.0;
				PRODUCT_BUNDLE_IDENTIFIER = com.alanturker.ScrollViewExample;
				PRODUCT_NAME = "$(TARGET_NAME)";
				SWIFT_EMIT_LOC_STRINGS = YES;
				SWIFT_VERSION = 5.0;
				TARGETED_DEVICE_FAMILY = "1,2";
			};
			name = Debug;
		};
		CCFA5452282E7D0A001DFFDD /* Release */ = {
			isa = XCBuildConfiguration;
			buildSettings = {
				ASSETCATALOG_COMPILER_APPICON_NAME = AppIcon;
				ASSETCATALOG_COMPILER_GLOBAL_ACCENT_COLOR_NAME = AccentColor;
				CODE_SIGN_STYLE = Automatic;
				CURRENT_PROJECT_VERSION = 1;
				DEVELOPMENT_TEAM = 2PYSM93YYN;
				GENERATE_INFOPLIST_FILE = YES;
				INFOPLIST_FILE = ScrollViewExample/Info.plist;
				INFOPLIST_KEY_UIApplicationSupportsIndirectInputEvents = YES;
				INFOPLIST_KEY_UILaunchStoryboardName = LaunchScreen;
				INFOPLIST_KEY_UIMainStoryboardFile = Main;
				INFOPLIST_KEY_UISupportedInterfaceOrientations_iPad = "UIInterfaceOrientationPortrait UIInterfaceOrientationPortraitUpsideDown UIInterfaceOrientationLandscapeLeft UIInterfaceOrientationLandscapeRight";
				INFOPLIST_KEY_UISupportedInterfaceOrientations_iPhone = "UIInterfaceOrientationPortrait UIInterfaceOrientationLandscapeLeft UIInterfaceOrientationLandscapeRight";
				LD_RUNPATH_SEARCH_PATHS = (
					"$(inherited)",
					"@executable_path/Frameworks",
				);
				MARKETING_VERSION = 1.0;
				PRODUCT_BUNDLE_IDENTIFIER = com.alanturker.ScrollViewExample;
				PRODUCT_NAME = "$(TARGET_NAME)";
				SWIFT_EMIT_LOC_STRINGS = YES;
				SWIFT_VERSION = 5.0;
				TARGETED_DEVICE_FAMILY = "1,2";
			};
			name = Release;
		};
/* End XCBuildConfiguration section */

/* Begin XCConfigurationList section */
		CCFA5437282E7D09001DFFDD /* Build configuration list for PBXProject "ScrollViewExample" */ = {
			isa = XCConfigurationList;
			buildConfigurations = (
				CCFA544E282E7D0A001DFFDD /* Debug */,
				CCFA544F282E7D0A001DFFDD /* Release */,
			);
			defaultConfigurationIsVisible = 0;
			defaultConfigurationName = Release;
		};
		CCFA5450282E7D0A001DFFDD /* Build configuration list for PBXNativeTarget "ScrollViewExample" */ = {
			isa = XCConfigurationList;
			buildConfigurations = (
				CCFA5451282E7D0A001DFFDD /* Debug */,
				CCFA5452282E7D0A001DFFDD /* Release */,
			);
			defaultConfigurationIsVisible = 0;
			defaultConfigurationName = Release;
		};
/* End XCConfigurationList section */
	};
	rootObject = CCFA5434282E7D09001DFFDD /* Project object */;
}
